
Microsoft Visual Studio Solution File, Format Version 12.00
# Visual Studio Version 17
VisualStudioVersion = 17.3.32811.315
MinimumVisualStudioVersion = 10.0.40219.1
Project("{888888A0-9F3D-457C-B088-3A5042F75D52}") = "SpaceInvaders", "SpaceInvaders\SpaceInvaders.pyproj", "{FC93272A-F56A-47F5-855D-6B8BF8254C8E}"
EndProject
Global
	GlobalSection(SolutionConfigurationPlatforms) = preSolution
		Debug|Any CPU = Debug|Any CPU
		Release|Any CPU = Release|Any CPU
	EndGlobalSection
	GlobalSection(ProjectConfigurationPlatforms) = postSolution
		{FC93272A-F56A-47F5-855D-6B8BF8254C8E}.Debug|Any CPU.ActiveCfg = Debug|Any CPU
		{FC93272A-F56A-47F5-855D-6B8BF8254C8E}.Release|Any CPU.ActiveCfg = Release|Any CPU
	EndGlobalSection
	GlobalSection(SolutionProperties) = preSolution
		HideSolutionNode = FALSE
	EndGlobalSection
	GlobalSection(ExtensibilityGlobals) = postSolution
		SolutionGuid = {D1279200-F2A6-48E9-9A52-60042B9EBB2E}
	EndGlobalSection
EndGlobal
